<?xml version="1.0" encoding="utf-8"?>
<Project ToolsVersion="4.0" xmlns="http://schemas.microsoft.com/developer/msbuild/2003">
  <ItemGroup>
    <Filter Include="소스 파일">
      <UniqueIdentifier>{4FC737F1-C7A5-4376-A066-2A32D752A2FF}</UniqueIdentifier>
      <Extensions>cpp;c;cc;cxx;def;odl;idl;hpj;bat;asm;asmx</Extensions>
    </Filter>
    <Filter Include="헤더 파일">
      <UniqueIdentifier>{93995380-89BD-4b04-88EB-625FBE52EBFB}</UniqueIdentifier>
      <Extensions>h;hh;hpp;hxx;hm;inl;inc;xsd</Extensions>
    </Filter>
    <Filter Include="리소스 파일">
      <UniqueIdentifier>{67DA6AB6-F800-4c08-8B7A-83BB121AAD01}</UniqueIdentifier>
      <Extensions>rc;ico;cur;bmp;dlg;rc2;rct;bin;rgs;gif;jpg;jpeg;jpe;resx;tiff;tif;png;wav;mfcribbon-ms</Extensions>
    </Filter>
  </ItemGroup>
  <ItemGroup>
    <ClCompile Include="소스.cpp">
      <Filter>소스 파일</Filter>
    </ClCompile>
    <ClCompile Include="HJ.cpp">
      <Filter>소스 파일</Filter>
    </ClCompile>
    <ClCompile Include="BeomJoon.cpp">
      <Filter>소스 파일</Filter>
    </ClCompile>
    <ClCompile Include="소스1.cpp">
      <Filter>소스 파일</Filter>
    </ClCompile>
    <ClCompile Include="InSu_Heap.cpp">
      <Filter>헤더 파일</Filter>
    </ClCompile>
    <ClCompile Include="다른사람코드.cpp">
      <Filter>소스 파일</Filter>
    </ClCompile>
  </ItemGroup>
  <ItemGroup>
    <ClInclude Include="SWExpert1_1.h">
      <Filter>헤더 파일</Filter>
    </ClInclude>
    <ClInclude Include="SWExpert1_2.h">
      <Filter>헤더 파일</Filter>
    </ClInclude>
    <ClInclude Include="chessTeam.h">
      <Filter>헤더 파일</Filter>
    </ClInclude>
    <ClInclude Include="CompleteSearch.h">
      <Filter>헤더 파일</Filter>
    </ClInclude>
    <ClInclude Include="MinimumPath.h">
      <Filter>헤더 파일</Filter>
    </ClInclude>
    <ClInclude Include="MinimumPath2.h">
      <Filter>헤더 파일</Filter>
    </ClInclude>
    <ClInclude Include="BinarySubSet.h">
      <Filter>헤더 파일</Filter>
    </ClInclude>
    <ClInclude Include="BackJoon.h">
      <Filter>헤더 파일</Filter>
    </ClInclude>
    <ClInclude Include="BC.h">
      <Filter>헤더 파일</Filter>
    </ClInclude>
    <ClInclude Include="LCP.h">
      <Filter>헤더 파일</Filter>
    </ClInclude>
    <ClInclude Include="BoemJoon.h">
      <Filter>헤더 파일</Filter>
    </ClInclude>
    <ClInclude Include="Processor.h">
      <Filter>헤더 파일</Filter>
    </ClInclude>
    <ClInclude Include="GNS.h">
      <Filter>헤더 파일</Filter>
    </ClInclude>
    <ClInclude Include="JangHoon.h">
      <Filter>헤더 파일</Filter>
    </ClInclude>
    <ClInclude Include="ContryTest.h">
      <Filter>헤더 파일</Filter>
    </ClInclude>
    <ClInclude Include="BeomJoon2.h">
      <Filter>헤더 파일</Filter>
    </ClInclude>
    <ClInclude Include="MinCut.h">
      <Filter>헤더 파일</Filter>
    </ClInclude>
    <ClInclude Include="HongJoon.h">
      <Filter>헤더 파일</Filter>
    </ClInclude>
    <ClInclude Include="Counsler.h">
      <Filter>헤더 파일</Filter>
    </ClInclude>
    <ClInclude Include="SandTop.h">
      <Filter>헤더 파일</Filter>
    </ClInclude>
    <ClInclude Include="Permulation.h">
      <Filter>헤더 파일</Filter>
    </ClInclude>
    <ClInclude Include="PushOperator.h">
      <Filter>헤더 파일</Filter>
    </ClInclude>
    <ClInclude Include="PushOperator2.h">
      <Filter>헤더 파일</Filter>
    </ClInclude>
    <ClInclude Include="Snake.h">
      <Filter>헤더 파일</Filter>
    </ClInclude>
    <ClInclude Include="LCS.h">
      <Filter>헤더 파일</Filter>
    </ClInclude>
    <ClInclude Include="PoPPing.h">
      <Filter>헤더 파일</Filter>
    </ClInclude>
    <ClInclude Include="SeoJoon.h">
      <Filter>헤더 파일</Filter>
    </ClInclude>
    <ClInclude Include="Snake2.h">
      <Filter>헤더 파일</Filter>
    </ClInclude>
    <ClInclude Include="DIce.h">
      <Filter>헤더 파일</Filter>
    </ClInclude>
    <ClInclude Include="Jjaro.h">
      <Filter>헤더 파일</Filter>
    </ClInclude>
    <ClInclude Include="2048.h">
      <Filter>헤더 파일</Filter>
    </ClInclude>
    <ClInclude Include="TestSupervisor.h">
      <Filter>헤더 파일</Filter>
    </ClInclude>
    <ClInclude Include="Tetromino.h">
      <Filter>헤더 파일</Filter>
    </ClInclude>
    <ClInclude Include="Resign.h">
      <Filter>헤더 파일</Filter>
    </ClInclude>
    <ClInclude Include="Labaratory.h">
      <Filter>헤더 파일</Filter>
    </ClInclude>
    <ClInclude Include="01knapsack.h">
      <Filter>헤더 파일</Filter>
    </ClInclude>
    <ClInclude Include="DoubleScale.h">
      <Filter>헤더 파일</Filter>
    </ClInclude>
    <ClInclude Include="DonateAngel.h">
      <Filter>헤더 파일</Filter>
    </ClInclude>
    <ClInclude Include="JaYeong2.h">
      <Filter>헤더 파일</Filter>
    </ClInclude>
    <ClInclude Include="StringType.h">
      <Filter>헤더 파일</Filter>
    </ClInclude>
    <ClInclude Include="JungTriangle.h">
      <Filter>헤더 파일</Filter>
    </ClInclude>
    <ClInclude Include="ManageClub.h">
      <Filter>헤더 파일</Filter>
    </ClInclude>
    <ClInclude Include="JongMin.h">
      <Filter>헤더 파일</Filter>
    </ClInclude>
    <ClInclude Include="BuBoon.h">
      <Filter>헤더 파일</Filter>
    </ClInclude>
    <ClInclude Include="JongMin2.h">
      <Filter>헤더 파일</Filter>
    </ClInclude>
    <ClInclude Include="Number_BASEBALL.h">
      <Filter>헤더 파일</Filter>
    </ClInclude>
    <ClInclude Include="CircularQueue.h">
      <Filter>헤더 파일</Filter>
    </ClInclude>
    <ClInclude Include="WaveClass.h">
      <Filter>헤더 파일</Filter>
    </ClInclude>
    <ClInclude Include="Union.h">
      <Filter>헤더 파일</Filter>
    </ClInclude>
    <ClInclude Include="Dalant.h">
      <Filter>헤더 파일</Filter>
    </ClInclude>
    <ClInclude Include="Kaing.h">
      <Filter>헤더 파일</Filter>
    </ClInclude>
    <ClInclude Include="BongEoBBangh.h">
      <Filter>헤더 파일</Filter>
    </ClInclude>
    <ClInclude Include="N-Queens.h">
      <Filter>헤더 파일</Filter>
    </ClInclude>
    <ClInclude Include="DongCheol.h">
      <Filter>헤더 파일</Filter>
    </ClInclude>
    <ClInclude Include="LineDivide.h">
      <Filter>헤더 파일</Filter>
    </ClInclude>
    <ClInclude Include="MyStack.h">
      <Filter>헤더 파일</Filter>
    </ClInclude>
    <ClInclude Include="MyQueue.h">
      <Filter>헤더 파일</Filter>
    </ClInclude>
    <ClInclude Include="DBLinkedList.h">
      <Filter>헤더 파일</Filter>
    </ClInclude>
    <ClInclude Include="Soccer.h">
      <Filter>헤더 파일</Filter>
    </ClInclude>
    <ClInclude Include="Quicksort.h">
      <Filter>헤더 파일</Filter>
    </ClInclude>
    <ClInclude Include="MyHeap.h">
      <Filter>헤더 파일</Filter>
    </ClInclude>
    <ClInclude Include="ToOne.h">
      <Filter>헤더 파일</Filter>
    </ClInclude>
    <ClInclude Include="BIT.h">
      <Filter>헤더 파일</Filter>
    </ClInclude>
    <ClInclude Include="SuJung.h">
      <Filter>헤더 파일</Filter>
    </ClInclude>
    <ClInclude Include="FindNewOperation.h">
      <Filter>헤더 파일</Filter>
    </ClInclude>
    <ClInclude Include="SpaceGod.h">
      <Filter>헤더 파일</Filter>
    </ClInclude>
    <ClInclude Include="InSuBirthDayParty.h">
      <Filter>헤더 파일</Filter>
    </ClInclude>
    <ClInclude Include="InSu_Birthday_Party.h">
      <Filter>헤더 파일</Filter>
    </ClInclude>
    <ClInclude Include="YeungJoon_Get_Number.h">
      <Filter>헤더 파일</Filter>
    </ClInclude>
    <ClInclude Include="YeongJoon_Scale.h">
      <Filter>헤더 파일</Filter>
    </ClInclude>
    <ClInclude Include="Kid_Car_Robot.h">
      <Filter>헤더 파일</Filter>
    </ClInclude>
    <ClInclude Include="Nolboo_Salary_Reduction.h">
      <Filter>헤더 파일</Filter>
    </ClInclude>
    <ClInclude Include="King%27s_Position.h">
      <Filter>헤더 파일</Filter>
    </ClInclude>
    <ClInclude Include="Maximum_Prize.h">
      <Filter>헤더 파일</Filter>
    </ClInclude>
    <ClInclude Include="YeongJoon_Real_BFS.h">
      <Filter>헤더 파일</Filter>
    </ClInclude>
    <ClInclude Include="YeongJoon_Real_BFS_LCA.h">
      <Filter>헤더 파일</Filter>
    </ClInclude>
    <ClInclude Include="Make_Password.h">
      <Filter>헤더 파일</Filter>
    </ClInclude>
    <ClInclude Include="TermProject.h">
      <Filter>헤더 파일</Filter>
    </ClInclude>
    <ClInclude Include="Predicth.h">
      <Filter>헤더 파일</Filter>
    </ClInclude>
    <ClInclude Include="HyeonHo_Password.h">
      <Filter>헤더 파일</Filter>
    </ClInclude>
    <ClInclude Include="RichProject.h">
      <Filter>헤더 파일</Filter>
    </ClInclude>
    <ClInclude Include="City_Maintenance.h">
      <Filter>헤더 파일</Filter>
    </ClInclude>
    <ClInclude Include="BestTaxiDriver.h">
      <Filter>헤더 파일</Filter>
    </ClInclude>
    <ClInclude Include="AllSum.h">
      <Filter>헤더 파일</Filter>
    </ClInclude>
    <ClInclude Include="PerfectShuffle.h">
      <Filter>헤더 파일</Filter>
    </ClInclude>
    <ClInclude Include="Hacking.h">
      <Filter>헤더 파일</Filter>
    </ClInclude>
    <ClInclude Include="HackingBFS.h">
      <Filter>헤더 파일</Filter>
    </ClInclude>
    <ClInclude Include="BreadStroe.h">
      <Filter>헤더 파일</Filter>
    </ClInclude>
    <ClInclude Include="PossibleScore.h">
      <Filter>헤더 파일</Filter>
    </ClInclude>
    <ClInclude Include="MetalStick.h">
      <Filter>헤더 파일</Filter>
    </ClInclude>
    <ClInclude Include="BalabongStory.h">
      <Filter>헤더 파일</Filter>
    </ClInclude>
    <ClInclude Include="JongMinHamberger.h">
      <Filter>헤더 파일</Filter>
    </ClInclude>
    <ClInclude Include="홍준님 햄버거 코드.h">
      <Filter>헤더 파일</Filter>
    </ClInclude>
    <ClInclude Include="HyeJungPaint.h">
      <Filter>헤더 파일</Filter>
    </ClInclude>
    <ClInclude Include="Ninja_Corp.h">
      <Filter>헤더 파일</Filter>
    </ClInclude>
    <ClInclude Include="RamCess.h">
      <Filter>헤더 파일</Filter>
    </ClInclude>
    <ClInclude Include="MakeBridge.h">
      <Filter>헤더 파일</Filter>
    </ClInclude>
    <ClInclude Include="DesertCafe.h">
      <Filter>헤더 파일</Filter>
    </ClInclude>
    <ClInclude Include="homeBangBeom.h">
      <Filter>헤더 파일</Filter>
    </ClInclude>
    <ClInclude Include="Balelino.h">
      <Filter>헤더 파일</Filter>
    </ClInclude>
    <ClInclude Include="BlockMeSang.h">
      <Filter>헤더 파일</Filter>
    </ClInclude>
    <ClInclude Include="FillingMoon.h">
      <Filter>헤더 파일</Filter>
    </ClInclude>
    <ClInclude Include="Cooker.h">
      <Filter>헤더 파일</Filter>
    </ClInclude>
    <ClInclude Include="SecureFilm.h">
      <Filter>헤더 파일</Filter>
    </ClInclude>
    <ClInclude Include="NandM9.h">
      <Filter>헤더 파일</Filter>
    </ClInclude>
    <ClInclude Include="Chicken.h">
      <Filter>헤더 파일</Filter>
    </ClInclude>
    <ClInclude Include="DragonCurve.h">
      <Filter>헤더 파일</Filter>
    </ClInclude>
    <ClInclude Include="SupervisorCCTV.h">
      <Filter>헤더 파일</Filter>
    </ClInclude>
    <ClInclude Include="LiftingLadder.h">
      <Filter>헤더 파일</Filter>
    </ClInclude>
    <ClInclude Include="FIndStr.h">
      <Filter>헤더 파일</Filter>
    </ClInclude>
    <ClInclude Include="MakeBiggestNumber1.h">
      <Filter>헤더 파일</Filter>
    </ClInclude>
    <ClInclude Include="PascalTriangle.h">
      <Filter>헤더 파일</Filter>
    </ClInclude>
    <ClInclude Include="KillFly.h">
      <Filter>헤더 파일</Filter>
    </ClInclude>
    <ClInclude Include="HoimoonInspecetion.h">
      <Filter>헤더 파일</Filter>
    </ClInclude>
    <ClInclude Include="ZigZagNumber.h">
      <Filter>헤더 파일</Filter>
    </ClInclude>
    <ClInclude Include="GetMinAvg.h">
      <Filter>헤더 파일</Filter>
    </ClInclude>
    <ClInclude Include="Grading.h">
      <Filter>헤더 파일</Filter>
    </ClInclude>
    <ClInclude Include="GlobalPelindrome.h">
      <Filter>헤더 파일</Filter>
    </ClInclude>
    <ClInclude Include="HardCleaning.h">
      <Filter>헤더 파일</Filter>
    </ClInclude>
    <ClInclude Include="PaintBlackAndWhite.h">
      <Filter>헤더 파일</Filter>
    </ClInclude>
    <ClInclude Include="BitCombinationa.h">
      <Filter>헤더 파일</Filter>
    </ClInclude>
    <ClInclude Include="CLOCKSYNC.h">
      <Filter>헤더 파일</Filter>
    </ClInclude>
  </ItemGroup>
  <ItemGroup>
    <Text Include="Text.txt">
      <Filter>리소스 파일</Filter>
    </Text>
    <Text Include="00Text.txt">
      <Filter>리소스 파일</Filter>
    </Text>
  </ItemGroup>
</Project>