
Microsoft Visual Studio Solution File, Format Version 12.00
# Visual Studio 15
VisualStudioVersion = 15.0.27428.2037
MinimumVisualStudioVersion = 10.0.40219.1
Project("{8BC9CEB8-8B4A-11D0-8D11-00A0C91BC942}") = "StudyAlone", "StudyAlone\StudyAlone.vcxproj", "{6A152889-88E6-459B-A405-7AEE143DB35E}"
EndProject
Project("{8BC9CEB8-8B4A-11D0-8D11-00A0C91BC942}") = "AlgorithmStudy", "AlgorithmStudy\AlgorithmStudy.vcxproj", "{B73B16F8-A972-43D4-9DB7-F3B66D69DF84}"
EndProject
Project("{8BC9CEB8-8B4A-11D0-8D11-00A0C91BC942}") = "OTherPeopleCode", "OTherPeopleCode\OTherPeopleCode.vcxproj", "{D4C49CC4-B3E7-4EAC-AB76-09C70FC2FD72}"
EndProject
Project("{8BC9CEB8-8B4A-11D0-8D11-00A0C91BC942}") = "CodeBattle", "CodeBattle\CodeBattle.vcxproj", "{169C1920-BA78-4895-B61A-FBD63228CE98}"
EndProject
Project("{8BC9CEB8-8B4A-11D0-8D11-00A0C91BC942}") = "Codeforce", "Codeforce\Codeforce.vcxproj", "{8683092E-1239-4AD4-90F9-036B11E218E0}"
EndProject
Project("{8BC9CEB8-8B4A-11D0-8D11-00A0C91BC942}") = "SWEABPractice", "SWEABPractice\SWEABPractice.vcxproj", "{587377F4-C561-4C6E-AB62-1BFC151D00D6}"
EndProject
Project("{8BC9CEB8-8B4A-11D0-8D11-00A0C91BC942}") = "Edaily", "Edaily\Edaily.vcxproj", "{45AFA599-14F0-436A-88BC-239321ACEF4E}"
EndProject
Project("{8BC9CEB8-8B4A-11D0-8D11-00A0C91BC942}") = "SDS_2", "SDS_2\SDS_2.vcxproj", "{2BD110E0-BB00-4CE8-AC4D-720303DCE495}"
EndProject
Project("{8BC9CEB8-8B4A-11D0-8D11-00A0C91BC942}") = "FindError", "20190525B형\20190525B형.vcxproj", "{6075174D-5C9C-4B86-9AF3-3DCCA877D4B3}"
EndProject
Project("{8BC9CEB8-8B4A-11D0-8D11-00A0C91BC942}") = "C1906", "C1906\C1906.vcxproj", "{0A24E59B-C876-4223-ADAD-38918FA34C9B}"
EndProject
Project("{8BC9CEB8-8B4A-11D0-8D11-00A0C91BC942}") = "BATTLESHIP", "BPractice\BATTLESHIP\BATTLESHIP\BATTLESHIP.vcxproj", "{7C8591A4-CDBE-40E2-864B-509A8149E9D2}"
EndProject
Project("{8BC9CEB8-8B4A-11D0-8D11-00A0C91BC942}") = "GIt2", "GIt2\GIt2.vcxproj", "{1867FFF8-A2D4-44E9-B16D-F825669E4763}"
EndProject
Project("{8BC9CEB8-8B4A-11D0-8D11-00A0C91BC942}") = "ConvertString", "ConvertString\ConvertString.vcxproj", "{B6CFED24-014B-4B1E-B471-77310870DF60}"
EndProject
Project("{8BC9CEB8-8B4A-11D0-8D11-00A0C91BC942}") = "재고관리", "재고관리\재고관리.vcxproj", "{2489CA70-552B-4DE6-B1C4-1F6B6003F86B}"
EndProject
Project("{8BC9CEB8-8B4A-11D0-8D11-00A0C91BC942}") = "TableCalculator2", "TableCalculator2\TableCalculator2.vcxproj", "{294F03AB-8754-4E8A-AFC4-C1E84B66ED7C}"
EndProject
Global
	GlobalSection(SolutionConfigurationPlatforms) = preSolution
		Debug|x64 = Debug|x64
		Debug|x86 = Debug|x86
		Release|x64 = Release|x64
		Release|x86 = Release|x86
	EndGlobalSection
	GlobalSection(ProjectConfigurationPlatforms) = postSolution
		{6A152889-88E6-459B-A405-7AEE143DB35E}.Debug|x64.ActiveCfg = Debug|x64
		{6A152889-88E6-459B-A405-7AEE143DB35E}.Debug|x64.Build.0 = Debug|x64
		{6A152889-88E6-459B-A405-7AEE143DB35E}.Debug|x86.ActiveCfg = Debug|Win32
		{6A152889-88E6-459B-A405-7AEE143DB35E}.Debug|x86.Build.0 = Debug|Win32
		{6A152889-88E6-459B-A405-7AEE143DB35E}.Release|x64.ActiveCfg = Release|x64
		{6A152889-88E6-459B-A405-7AEE143DB35E}.Release|x64.Build.0 = Release|x64
		{6A152889-88E6-459B-A405-7AEE143DB35E}.Release|x86.ActiveCfg = Release|Win32
		{6A152889-88E6-459B-A405-7AEE143DB35E}.Release|x86.Build.0 = Release|Win32
		{B73B16F8-A972-43D4-9DB7-F3B66D69DF84}.Debug|x64.ActiveCfg = Debug|x64
		{B73B16F8-A972-43D4-9DB7-F3B66D69DF84}.Debug|x64.Build.0 = Debug|x64
		{B73B16F8-A972-43D4-9DB7-F3B66D69DF84}.Debug|x86.ActiveCfg = Debug|Win32
		{B73B16F8-A972-43D4-9DB7-F3B66D69DF84}.Debug|x86.Build.0 = Debug|Win32
		{B73B16F8-A972-43D4-9DB7-F3B66D69DF84}.Release|x64.ActiveCfg = Release|x64
		{B73B16F8-A972-43D4-9DB7-F3B66D69DF84}.Release|x64.Build.0 = Release|x64
		{B73B16F8-A972-43D4-9DB7-F3B66D69DF84}.Release|x86.ActiveCfg = Release|Win32
		{B73B16F8-A972-43D4-9DB7-F3B66D69DF84}.Release|x86.Build.0 = Release|Win32
		{D4C49CC4-B3E7-4EAC-AB76-09C70FC2FD72}.Debug|x64.ActiveCfg = Debug|x64
		{D4C49CC4-B3E7-4EAC-AB76-09C70FC2FD72}.Debug|x64.Build.0 = Debug|x64
		{D4C49CC4-B3E7-4EAC-AB76-09C70FC2FD72}.Debug|x86.ActiveCfg = Debug|Win32
		{D4C49CC4-B3E7-4EAC-AB76-09C70FC2FD72}.Debug|x86.Build.0 = Debug|Win32
		{D4C49CC4-B3E7-4EAC-AB76-09C70FC2FD72}.Release|x64.ActiveCfg = Release|x64
		{D4C49CC4-B3E7-4EAC-AB76-09C70FC2FD72}.Release|x64.Build.0 = Release|x64
		{D4C49CC4-B3E7-4EAC-AB76-09C70FC2FD72}.Release|x86.ActiveCfg = Release|Win32
		{D4C49CC4-B3E7-4EAC-AB76-09C70FC2FD72}.Release|x86.Build.0 = Release|Win32
		{169C1920-BA78-4895-B61A-FBD63228CE98}.Debug|x64.ActiveCfg = Debug|x64
		{169C1920-BA78-4895-B61A-FBD63228CE98}.Debug|x64.Build.0 = Debug|x64
		{169C1920-BA78-4895-B61A-FBD63228CE98}.Debug|x86.ActiveCfg = Debug|Win32
		{169C1920-BA78-4895-B61A-FBD63228CE98}.Debug|x86.Build.0 = Debug|Win32
		{169C1920-BA78-4895-B61A-FBD63228CE98}.Release|x64.ActiveCfg = Release|x64
		{169C1920-BA78-4895-B61A-FBD63228CE98}.Release|x64.Build.0 = Release|x64
		{169C1920-BA78-4895-B61A-FBD63228CE98}.Release|x86.ActiveCfg = Release|Win32
		{169C1920-BA78-4895-B61A-FBD63228CE98}.Release|x86.Build.0 = Release|Win32
		{8683092E-1239-4AD4-90F9-036B11E218E0}.Debug|x64.ActiveCfg = Debug|x64
		{8683092E-1239-4AD4-90F9-036B11E218E0}.Debug|x64.Build.0 = Debug|x64
		{8683092E-1239-4AD4-90F9-036B11E218E0}.Debug|x86.ActiveCfg = Debug|Win32
		{8683092E-1239-4AD4-90F9-036B11E218E0}.Debug|x86.Build.0 = Debug|Win32
		{8683092E-1239-4AD4-90F9-036B11E218E0}.Release|x64.ActiveCfg = Release|x64
		{8683092E-1239-4AD4-90F9-036B11E218E0}.Release|x64.Build.0 = Release|x64
		{8683092E-1239-4AD4-90F9-036B11E218E0}.Release|x86.ActiveCfg = Release|Win32
		{8683092E-1239-4AD4-90F9-036B11E218E0}.Release|x86.Build.0 = Release|Win32
		{587377F4-C561-4C6E-AB62-1BFC151D00D6}.Debug|x64.ActiveCfg = Debug|x64
		{587377F4-C561-4C6E-AB62-1BFC151D00D6}.Debug|x64.Build.0 = Debug|x64
		{587377F4-C561-4C6E-AB62-1BFC151D00D6}.Debug|x86.ActiveCfg = Debug|Win32
		{587377F4-C561-4C6E-AB62-1BFC151D00D6}.Debug|x86.Build.0 = Debug|Win32
		{587377F4-C561-4C6E-AB62-1BFC151D00D6}.Release|x64.ActiveCfg = Release|x64
		{587377F4-C561-4C6E-AB62-1BFC151D00D6}.Release|x64.Build.0 = Release|x64
		{587377F4-C561-4C6E-AB62-1BFC151D00D6}.Release|x86.ActiveCfg = Release|Win32
		{587377F4-C561-4C6E-AB62-1BFC151D00D6}.Release|x86.Build.0 = Release|Win32
		{45AFA599-14F0-436A-88BC-239321ACEF4E}.Debug|x64.ActiveCfg = Debug|x64
		{45AFA599-14F0-436A-88BC-239321ACEF4E}.Debug|x64.Build.0 = Debug|x64
		{45AFA599-14F0-436A-88BC-239321ACEF4E}.Debug|x86.ActiveCfg = Debug|Win32
		{45AFA599-14F0-436A-88BC-239321ACEF4E}.Debug|x86.Build.0 = Debug|Win32
		{45AFA599-14F0-436A-88BC-239321ACEF4E}.Release|x64.ActiveCfg = Release|x64
		{45AFA599-14F0-436A-88BC-239321ACEF4E}.Release|x64.Build.0 = Release|x64
		{45AFA599-14F0-436A-88BC-239321ACEF4E}.Release|x86.ActiveCfg = Release|Win32
		{45AFA599-14F0-436A-88BC-239321ACEF4E}.Release|x86.Build.0 = Release|Win32
		{2BD110E0-BB00-4CE8-AC4D-720303DCE495}.Debug|x64.ActiveCfg = Debug|x64
		{2BD110E0-BB00-4CE8-AC4D-720303DCE495}.Debug|x64.Build.0 = Debug|x64
		{2BD110E0-BB00-4CE8-AC4D-720303DCE495}.Debug|x86.ActiveCfg = Debug|Win32
		{2BD110E0-BB00-4CE8-AC4D-720303DCE495}.Debug|x86.Build.0 = Debug|Win32
		{2BD110E0-BB00-4CE8-AC4D-720303DCE495}.Release|x64.ActiveCfg = Release|x64
		{2BD110E0-BB00-4CE8-AC4D-720303DCE495}.Release|x64.Build.0 = Release|x64
		{2BD110E0-BB00-4CE8-AC4D-720303DCE495}.Release|x86.ActiveCfg = Release|Win32
		{2BD110E0-BB00-4CE8-AC4D-720303DCE495}.Release|x86.Build.0 = Release|Win32
		{6075174D-5C9C-4B86-9AF3-3DCCA877D4B3}.Debug|x64.ActiveCfg = Debug|x64
		{6075174D-5C9C-4B86-9AF3-3DCCA877D4B3}.Debug|x64.Build.0 = Debug|x64
		{6075174D-5C9C-4B86-9AF3-3DCCA877D4B3}.Debug|x86.ActiveCfg = Debug|Win32
		{6075174D-5C9C-4B86-9AF3-3DCCA877D4B3}.Debug|x86.Build.0 = Debug|Win32
		{6075174D-5C9C-4B86-9AF3-3DCCA877D4B3}.Release|x64.ActiveCfg = Release|x64
		{6075174D-5C9C-4B86-9AF3-3DCCA877D4B3}.Release|x64.Build.0 = Release|x64
		{6075174D-5C9C-4B86-9AF3-3DCCA877D4B3}.Release|x86.ActiveCfg = Release|Win32
		{6075174D-5C9C-4B86-9AF3-3DCCA877D4B3}.Release|x86.Build.0 = Release|Win32
		{0A24E59B-C876-4223-ADAD-38918FA34C9B}.Debug|x64.ActiveCfg = Debug|x64
		{0A24E59B-C876-4223-ADAD-38918FA34C9B}.Debug|x64.Build.0 = Debug|x64
		{0A24E59B-C876-4223-ADAD-38918FA34C9B}.Debug|x86.ActiveCfg = Debug|Win32
		{0A24E59B-C876-4223-ADAD-38918FA34C9B}.Debug|x86.Build.0 = Debug|Win32
		{0A24E59B-C876-4223-ADAD-38918FA34C9B}.Release|x64.ActiveCfg = Release|x64
		{0A24E59B-C876-4223-ADAD-38918FA34C9B}.Release|x64.Build.0 = Release|x64
		{0A24E59B-C876-4223-ADAD-38918FA34C9B}.Release|x86.ActiveCfg = Release|Win32
		{0A24E59B-C876-4223-ADAD-38918FA34C9B}.Release|x86.Build.0 = Release|Win32
		{7C8591A4-CDBE-40E2-864B-509A8149E9D2}.Debug|x64.ActiveCfg = Debug|x64
		{7C8591A4-CDBE-40E2-864B-509A8149E9D2}.Debug|x64.Build.0 = Debug|x64
		{7C8591A4-CDBE-40E2-864B-509A8149E9D2}.Debug|x86.ActiveCfg = Debug|Win32
		{7C8591A4-CDBE-40E2-864B-509A8149E9D2}.Debug|x86.Build.0 = Debug|Win32
		{7C8591A4-CDBE-40E2-864B-509A8149E9D2}.Release|x64.ActiveCfg = Release|x64
		{7C8591A4-CDBE-40E2-864B-509A8149E9D2}.Release|x64.Build.0 = Release|x64
		{7C8591A4-CDBE-40E2-864B-509A8149E9D2}.Release|x86.ActiveCfg = Release|Win32
		{7C8591A4-CDBE-40E2-864B-509A8149E9D2}.Release|x86.Build.0 = Release|Win32
		{1867FFF8-A2D4-44E9-B16D-F825669E4763}.Debug|x64.ActiveCfg = Debug|x64
		{1867FFF8-A2D4-44E9-B16D-F825669E4763}.Debug|x64.Build.0 = Debug|x64
		{1867FFF8-A2D4-44E9-B16D-F825669E4763}.Debug|x86.ActiveCfg = Debug|Win32
		{1867FFF8-A2D4-44E9-B16D-F825669E4763}.Debug|x86.Build.0 = Debug|Win32
		{1867FFF8-A2D4-44E9-B16D-F825669E4763}.Release|x64.ActiveCfg = Release|x64
		{1867FFF8-A2D4-44E9-B16D-F825669E4763}.Release|x64.Build.0 = Release|x64
		{1867FFF8-A2D4-44E9-B16D-F825669E4763}.Release|x86.ActiveCfg = Release|Win32
		{1867FFF8-A2D4-44E9-B16D-F825669E4763}.Release|x86.Build.0 = Release|Win32
		{B6CFED24-014B-4B1E-B471-77310870DF60}.Debug|x64.ActiveCfg = Debug|x64
		{B6CFED24-014B-4B1E-B471-77310870DF60}.Debug|x64.Build.0 = Debug|x64
		{B6CFED24-014B-4B1E-B471-77310870DF60}.Debug|x86.ActiveCfg = Debug|Win32
		{B6CFED24-014B-4B1E-B471-77310870DF60}.Debug|x86.Build.0 = Debug|Win32
		{B6CFED24-014B-4B1E-B471-77310870DF60}.Release|x64.ActiveCfg = Release|x64
		{B6CFED24-014B-4B1E-B471-77310870DF60}.Release|x64.Build.0 = Release|x64
		{B6CFED24-014B-4B1E-B471-77310870DF60}.Release|x86.ActiveCfg = Release|Win32
		{B6CFED24-014B-4B1E-B471-77310870DF60}.Release|x86.Build.0 = Release|Win32
		{2489CA70-552B-4DE6-B1C4-1F6B6003F86B}.Debug|x64.ActiveCfg = Debug|x64
		{2489CA70-552B-4DE6-B1C4-1F6B6003F86B}.Debug|x64.Build.0 = Debug|x64
		{2489CA70-552B-4DE6-B1C4-1F6B6003F86B}.Debug|x86.ActiveCfg = Debug|Win32
		{2489CA70-552B-4DE6-B1C4-1F6B6003F86B}.Debug|x86.Build.0 = Debug|Win32
		{2489CA70-552B-4DE6-B1C4-1F6B6003F86B}.Release|x64.ActiveCfg = Release|x64
		{2489CA70-552B-4DE6-B1C4-1F6B6003F86B}.Release|x64.Build.0 = Release|x64
		{2489CA70-552B-4DE6-B1C4-1F6B6003F86B}.Release|x86.ActiveCfg = Release|Win32
		{2489CA70-552B-4DE6-B1C4-1F6B6003F86B}.Release|x86.Build.0 = Release|Win32
		{294F03AB-8754-4E8A-AFC4-C1E84B66ED7C}.Debug|x64.ActiveCfg = Debug|x64
		{294F03AB-8754-4E8A-AFC4-C1E84B66ED7C}.Debug|x64.Build.0 = Debug|x64
		{294F03AB-8754-4E8A-AFC4-C1E84B66ED7C}.Debug|x86.ActiveCfg = Debug|Win32
		{294F03AB-8754-4E8A-AFC4-C1E84B66ED7C}.Debug|x86.Build.0 = Debug|Win32
		{294F03AB-8754-4E8A-AFC4-C1E84B66ED7C}.Release|x64.ActiveCfg = Release|x64
		{294F03AB-8754-4E8A-AFC4-C1E84B66ED7C}.Release|x64.Build.0 = Release|x64
		{294F03AB-8754-4E8A-AFC4-C1E84B66ED7C}.Release|x86.ActiveCfg = Release|Win32
		{294F03AB-8754-4E8A-AFC4-C1E84B66ED7C}.Release|x86.Build.0 = Release|Win32
	EndGlobalSection
	GlobalSection(SolutionProperties) = preSolution
		HideSolutionNode = FALSE
	EndGlobalSection
	GlobalSection(ExtensibilityGlobals) = postSolution
		SolutionGuid = {C90588C4-DF90-42F9-AD54-07A180682632}
	EndGlobalSection
EndGlobal
